
Microsoft Visual Studio Solution File, Format Version 12.00
# Visual Studio Version 17
VisualStudioVersion = 17.3.32929.385
MinimumVisualStudioVersion = 10.0.40219.1
Project("{FAE04EC0-301F-11D3-BF4B-00C04F79EFBC}") = "OF_Project", "OF_Project\OF_Project.csproj", "{6AFAB08A-ADD9-4126-8B38-F4F0117223D2}"
EndProject
Global
	GlobalSection(SolutionConfigurationPlatforms) = preSolution
		Debug|Any CPU = Debug|Any CPU
		Release|Any CPU = Release|Any CPU
	EndGlobalSection
	GlobalSection(ProjectConfigurationPlatforms) = postSolution
		{6AFAB08A-ADD9-4126-8B38-F4F0117223D2}.Debug|Any CPU.ActiveCfg = Debug|Any CPU
		{6AFAB08A-ADD9-4126-8B38-F4F0117223D2}.Debug|Any CPU.Build.0 = Debug|Any CPU
		{6AFAB08A-ADD9-4126-8B38-F4F0117223D2}.Release|Any CPU.ActiveCfg = Release|Any CPU
		{6AFAB08A-ADD9-4126-8B38-F4F0117223D2}.Release|Any CPU.Build.0 = Release|Any CPU
	EndGlobalSection
	GlobalSection(SolutionProperties) = preSolution
		HideSolutionNode = FALSE
	EndGlobalSection
	GlobalSection(ExtensibilityGlobals) = postSolution
		SolutionGuid = {27819DAF-171C-4797-8DAE-D59960300CCA}
	EndGlobalSection
EndGlobal
